
Microsoft Visual Studio Solution File, Format Version 12.00
# Visual Studio Version 17
VisualStudioVersion = 17.14.36414.22 d17.14
MinimumVisualStudioVersion = 10.0.40219.1
Project("{FAE04EC0-301F-11D3-BF4B-00C04F79EFBC}") = "Ecommerce", "Ecommerce.csproj", "{B4FAB780-1FDA-49E5-9A3C-72E3D9985872}"
EndProject
Global
	GlobalSection(SolutionConfigurationPlatforms) = preSolution
		Debug|Any CPU = Debug|Any CPU
		Release|Any CPU = Release|Any CPU
	EndGlobalSection
	GlobalSection(ProjectConfigurationPlatforms) = postSolution
		{B4FAB780-1FDA-49E5-9A3C-72E3D9985872}.Debug|Any CPU.ActiveCfg = Debug|Any CPU
		{B4FAB780-1FDA-49E5-9A3C-72E3D9985872}.Debug|Any CPU.Build.0 = Debug|Any CPU
		{B4FAB780-1FDA-49E5-9A3C-72E3D9985872}.Release|Any CPU.ActiveCfg = Release|Any CPU
		{B4FAB780-1FDA-49E5-9A3C-72E3D9985872}.Release|Any CPU.Build.0 = Release|Any CPU
	EndGlobalSection
	GlobalSection(SolutionProperties) = preSolution
		HideSolutionNode = FALSE
	EndGlobalSection
	GlobalSection(ExtensibilityGlobals) = postSolution
		SolutionGuid = {81AAE1AE-B786-4CBB-BA85-CD354A096C27}
	EndGlobalSection
EndGlobal
